// !$*UTF8*$!
{
	archiveVersion = 1;
	classes = {
	};
	objectVersion = 56;
	objects = {

/* Begin PBXBuildFile section */
		1A14688F2BD8D18E00E27D00 /* HorizontalCell.swift in Sources */ = {isa = PBXBuildFile; fileRef = 1A14688E2BD8D18E00E27D00 /* HorizontalCell.swift */; };
		1A1468922BD8F6F100E27D00 /* CategoryType.swift in Sources */ = {isa = PBXBuildFile; fileRef = 1A1468912BD8F6F100E27D00 /* CategoryType.swift */; };
		1A1468942BDA258E00E27D00 /* CategoryTypeCell.swift in Sources */ = {isa = PBXBuildFile; fileRef = 1A1468932BDA258E00E27D00 /* CategoryTypeCell.swift */; };
		1A1468992BDA950500E27D00 /* CategoryCell.swift in Sources */ = {isa = PBXBuildFile; fileRef = 1A1468982BDA950500E27D00 /* CategoryCell.swift */; };
		1A14689B2BDAA98100E27D00 /* HomeSectionItem.swift in Sources */ = {isa = PBXBuildFile; fileRef = 1A14689A2BDAA98100E27D00 /* HomeSectionItem.swift */; };
		1A327DF82BD2372F002CAC1B /* BookNetwork.swift in Sources */ = {isa = PBXBuildFile; fileRef = 1A327DF72BD2372F002CAC1B /* BookNetwork.swift */; };
		1A327DFC2BD23DF0002CAC1B /* NetworkProvider.swift in Sources */ = {isa = PBXBuildFile; fileRef = 1A327DFB2BD23DF0002CAC1B /* NetworkProvider.swift */; };
		1A327DFE2BD24725002CAC1B /* HomeViewModel.swift in Sources */ = {isa = PBXBuildFile; fileRef = 1A327DFD2BD24725002CAC1B /* HomeViewModel.swift */; };
		1A327E062BD2926D002CAC1B /* BestsellcerCell.swift in Sources */ = {isa = PBXBuildFile; fileRef = 1A327E052BD2926D002CAC1B /* BestsellcerCell.swift */; };
		1A327E092BD29309002CAC1B /* SnapKit in Frameworks */ = {isa = PBXBuildFile; productRef = 1A327E082BD29309002CAC1B /* SnapKit */; };
		1A327E0C2BD29316002CAC1B /* Kingfisher in Frameworks */ = {isa = PBXBuildFile; productRef = 1A327E0B2BD29316002CAC1B /* Kingfisher */; };
		1A3D702E2BD7805C00EC8573 /* BookResult.swift in Sources */ = {isa = PBXBuildFile; fileRef = 1A3D702D2BD7805C00EC8573 /* BookResult.swift */; };
		1A70A0C62BD3937C00815AFF /* HeaderView.swift in Sources */ = {isa = PBXBuildFile; fileRef = 1A70A0C52BD3937C00815AFF /* HeaderView.swift */; };
		1A70A0C82BD397BA00815AFF /* EditorChoiceCell.swift in Sources */ = {isa = PBXBuildFile; fileRef = 1A70A0C72BD397BA00815AFF /* EditorChoiceCell.swift */; };
		1ACFA79F2BD10510003F9EE0 /* AppDelegate.swift in Sources */ = {isa = PBXBuildFile; fileRef = 1ACFA79E2BD10510003F9EE0 /* AppDelegate.swift */; };
		1ACFA7A12BD10510003F9EE0 /* SceneDelegate.swift in Sources */ = {isa = PBXBuildFile; fileRef = 1ACFA7A02BD10510003F9EE0 /* SceneDelegate.swift */; };
		1ACFA7A32BD10510003F9EE0 /* HomeViewController.swift in Sources */ = {isa = PBXBuildFile; fileRef = 1ACFA7A22BD10510003F9EE0 /* HomeViewController.swift */; };
		1ACFA7A82BD10511003F9EE0 /* Assets.xcassets in Resources */ = {isa = PBXBuildFile; fileRef = 1ACFA7A72BD10511003F9EE0 /* Assets.xcassets */; };
		1ACFA7AB2BD10511003F9EE0 /* LaunchScreen.storyboard in Resources */ = {isa = PBXBuildFile; fileRef = 1ACFA7A92BD10511003F9EE0 /* LaunchScreen.storyboard */; };
		1ACFA7B62BD10511003F9EE0 /* BookDemoAppTests.swift in Sources */ = {isa = PBXBuildFile; fileRef = 1ACFA7B52BD10511003F9EE0 /* BookDemoAppTests.swift */; };
		1ACFA7C02BD10511003F9EE0 /* BookDemoAppUITests.swift in Sources */ = {isa = PBXBuildFile; fileRef = 1ACFA7BF2BD10511003F9EE0 /* BookDemoAppUITests.swift */; };
		1ACFA7C22BD10511003F9EE0 /* BookDemoAppUITestsLaunchTests.swift in Sources */ = {isa = PBXBuildFile; fileRef = 1ACFA7C12BD10511003F9EE0 /* BookDemoAppUITestsLaunchTests.swift */; };
		1ACFA7D12BD10897003F9EE0 /* Const.swift in Sources */ = {isa = PBXBuildFile; fileRef = 1ACFA7D02BD10897003F9EE0 /* Const.swift */; };
		1ACFA7D32BD1099C003F9EE0 /* Network.swift in Sources */ = {isa = PBXBuildFile; fileRef = 1ACFA7D22BD1099C003F9EE0 /* Network.swift */; };
		1ACFA7D72BD109DC003F9EE0 /* RxCocoa in Frameworks */ = {isa = PBXBuildFile; productRef = 1ACFA7D62BD109DC003F9EE0 /* RxCocoa */; };
		1ACFA7D92BD109DC003F9EE0 /* RxSwift in Frameworks */ = {isa = PBXBuildFile; productRef = 1ACFA7D82BD109DC003F9EE0 /* RxSwift */; };
		1ACFA7DC2BD10B65003F9EE0 /* RxAlamofire in Frameworks */ = {isa = PBXBuildFile; productRef = 1ACFA7DB2BD10B65003F9EE0 /* RxAlamofire */; };
		1ACFA7DF2BD10CF0003F9EE0 /* Book.swift in Sources */ = {isa = PBXBuildFile; fileRef = 1ACFA7DE2BD10CF0003F9EE0 /* Book.swift */; };
		1ADA68662BD4F09A0019E5A0 /* CarouselFooterCell.swift in Sources */ = {isa = PBXBuildFile; fileRef = 1ADA68652BD4F09A0019E5A0 /* CarouselFooterCell.swift */; };
		1AEB2F0B2BDB8A8400CF9A35 /* VerticalCell.swift in Sources */ = {isa = PBXBuildFile; fileRef = 1AEB2F0A2BDB8A8400CF9A35 /* VerticalCell.swift */; };
/* End PBXBuildFile section */

/* Begin PBXContainerItemProxy section */
		1ACFA7B22BD10511003F9EE0 /* PBXContainerItemProxy */ = {
			isa = PBXContainerItemProxy;
			containerPortal = 1ACFA7932BD10510003F9EE0 /* Project object */;
			proxyType = 1;
			remoteGlobalIDString = 1ACFA79A2BD10510003F9EE0;
			remoteInfo = BookDemoApp;
		};
		1ACFA7BC2BD10511003F9EE0 /* PBXContainerItemProxy */ = {
			isa = PBXContainerItemProxy;
			containerPortal = 1ACFA7932BD10510003F9EE0 /* Project object */;
			proxyType = 1;
			remoteGlobalIDString = 1ACFA79A2BD10510003F9EE0;
			remoteInfo = BookDemoApp;
		};
/* End PBXContainerItemProxy section */

/* Begin PBXFileReference section */
		1A14688E2BD8D18E00E27D00 /* HorizontalCell.swift */ = {isa = PBXFileReference; lastKnownFileType = sourcecode.swift; path = HorizontalCell.swift; sourceTree = "<group>"; };
		1A1468912BD8F6F100E27D00 /* CategoryType.swift */ = {isa = PBXFileReference; lastKnownFileType = sourcecode.swift; path = CategoryType.swift; sourceTree = "<group>"; };
		1A1468932BDA258E00E27D00 /* CategoryTypeCell.swift */ = {isa = PBXFileReference; lastKnownFileType = sourcecode.swift; path = CategoryTypeCell.swift; sourceTree = "<group>"; };
		1A1468982BDA950500E27D00 /* CategoryCell.swift */ = {isa = PBXFileReference; lastKnownFileType = sourcecode.swift; path = CategoryCell.swift; sourceTree = "<group>"; };
		1A14689A2BDAA98100E27D00 /* HomeSectionItem.swift */ = {isa = PBXFileReference; lastKnownFileType = sourcecode.swift; path = HomeSectionItem.swift; sourceTree = "<group>"; };
		1A327DF72BD2372F002CAC1B /* BookNetwork.swift */ = {isa = PBXFileReference; lastKnownFileType = sourcecode.swift; path = BookNetwork.swift; sourceTree = "<group>"; };
		1A327DFB2BD23DF0002CAC1B /* NetworkProvider.swift */ = {isa = PBXFileReference; lastKnownFileType = sourcecode.swift; path = NetworkProvider.swift; sourceTree = "<group>"; };
		1A327DFD2BD24725002CAC1B /* HomeViewModel.swift */ = {isa = PBXFileReference; lastKnownFileType = sourcecode.swift; path = HomeViewModel.swift; sourceTree = "<group>"; };
		1A327E052BD2926D002CAC1B /* BestsellcerCell.swift */ = {isa = PBXFileReference; lastKnownFileType = sourcecode.swift; path = BestsellcerCell.swift; sourceTree = "<group>"; };
		1A3D702D2BD7805C00EC8573 /* BookResult.swift */ = {isa = PBXFileReference; lastKnownFileType = sourcecode.swift; path = BookResult.swift; sourceTree = "<group>"; };
		1A70A0C52BD3937C00815AFF /* HeaderView.swift */ = {isa = PBXFileReference; lastKnownFileType = sourcecode.swift; path = HeaderView.swift; sourceTree = "<group>"; };
		1A70A0C72BD397BA00815AFF /* EditorChoiceCell.swift */ = {isa = PBXFileReference; lastKnownFileType = sourcecode.swift; path = EditorChoiceCell.swift; sourceTree = "<group>"; };
		1ACCC46F2BD7E73900988F38 /* Config.xcconfig */ = {isa = PBXFileReference; lastKnownFileType = text.xcconfig; path = Config.xcconfig; sourceTree = "<group>"; };
		1ACFA79B2BD10510003F9EE0 /* BookDemoApp.app */ = {isa = PBXFileReference; explicitFileType = wrapper.application; includeInIndex = 0; path = BookDemoApp.app; sourceTree = BUILT_PRODUCTS_DIR; };
		1ACFA79E2BD10510003F9EE0 /* AppDelegate.swift */ = {isa = PBXFileReference; lastKnownFileType = sourcecode.swift; path = AppDelegate.swift; sourceTree = "<group>"; };
		1ACFA7A02BD10510003F9EE0 /* SceneDelegate.swift */ = {isa = PBXFileReference; lastKnownFileType = sourcecode.swift; path = SceneDelegate.swift; sourceTree = "<group>"; };
		1ACFA7A22BD10510003F9EE0 /* HomeViewController.swift */ = {isa = PBXFileReference; lastKnownFileType = sourcecode.swift; path = HomeViewController.swift; sourceTree = "<group>"; };
		1ACFA7A72BD10511003F9EE0 /* Assets.xcassets */ = {isa = PBXFileReference; lastKnownFileType = folder.assetcatalog; path = Assets.xcassets; sourceTree = "<group>"; };
		1ACFA7AA2BD10511003F9EE0 /* Base */ = {isa = PBXFileReference; lastKnownFileType = file.storyboard; name = Base; path = Base.lproj/LaunchScreen.storyboard; sourceTree = "<group>"; };
		1ACFA7AC2BD10511003F9EE0 /* Info.plist */ = {isa = PBXFileReference; lastKnownFileType = text.plist.xml; path = Info.plist; sourceTree = "<group>"; };
		1ACFA7B12BD10511003F9EE0 /* BookDemoAppTests.xctest */ = {isa = PBXFileReference; explicitFileType = wrapper.cfbundle; includeInIndex = 0; path = BookDemoAppTests.xctest; sourceTree = BUILT_PRODUCTS_DIR; };
		1ACFA7B52BD10511003F9EE0 /* BookDemoAppTests.swift */ = {isa = PBXFileReference; lastKnownFileType = sourcecode.swift; path = BookDemoAppTests.swift; sourceTree = "<group>"; };
		1ACFA7BB2BD10511003F9EE0 /* BookDemoAppUITests.xctest */ = {isa = PBXFileReference; explicitFileType = wrapper.cfbundle; includeInIndex = 0; path = BookDemoAppUITests.xctest; sourceTree = BUILT_PRODUCTS_DIR; };
		1ACFA7BF2BD10511003F9EE0 /* BookDemoAppUITests.swift */ = {isa = PBXFileReference; lastKnownFileType = sourcecode.swift; path = BookDemoAppUITests.swift; sourceTree = "<group>"; };
		1ACFA7C12BD10511003F9EE0 /* BookDemoAppUITestsLaunchTests.swift */ = {isa = PBXFileReference; lastKnownFileType = sourcecode.swift; path = BookDemoAppUITestsLaunchTests.swift; sourceTree = "<group>"; };
		1ACFA7D02BD10897003F9EE0 /* Const.swift */ = {isa = PBXFileReference; lastKnownFileType = sourcecode.swift; path = Const.swift; sourceTree = "<group>"; };
		1ACFA7D22BD1099C003F9EE0 /* Network.swift */ = {isa = PBXFileReference; lastKnownFileType = sourcecode.swift; path = Network.swift; sourceTree = "<group>"; };
		1ACFA7DE2BD10CF0003F9EE0 /* Book.swift */ = {isa = PBXFileReference; lastKnownFileType = sourcecode.swift; path = Book.swift; sourceTree = "<group>"; };
		1ADA68652BD4F09A0019E5A0 /* CarouselFooterCell.swift */ = {isa = PBXFileReference; lastKnownFileType = sourcecode.swift; path = CarouselFooterCell.swift; sourceTree = "<group>"; };
		1AEB2F0A2BDB8A8400CF9A35 /* VerticalCell.swift */ = {isa = PBXFileReference; lastKnownFileType = sourcecode.swift; path = VerticalCell.swift; sourceTree = "<group>"; };
/* End PBXFileReference section */

/* Begin PBXFrameworksBuildPhase section */
		1ACFA7982BD10510003F9EE0 /* Frameworks */ = {
			isa = PBXFrameworksBuildPhase;
			buildActionMask = 2147483647;
			files = (
				1ACFA7DC2BD10B65003F9EE0 /* RxAlamofire in Frameworks */,
				1A327E092BD29309002CAC1B /* SnapKit in Frameworks */,
				1ACFA7D92BD109DC003F9EE0 /* RxSwift in Frameworks */,
				1ACFA7D72BD109DC003F9EE0 /* RxCocoa in Frameworks */,
				1A327E0C2BD29316002CAC1B /* Kingfisher in Frameworks */,
			);
			runOnlyForDeploymentPostprocessing = 0;
		};
		1ACFA7AE2BD10511003F9EE0 /* Frameworks */ = {
			isa = PBXFrameworksBuildPhase;
			buildActionMask = 2147483647;
			files = (
			);
			runOnlyForDeploymentPostprocessing = 0;
		};
		1ACFA7B82BD10511003F9EE0 /* Frameworks */ = {
			isa = PBXFrameworksBuildPhase;
			buildActionMask = 2147483647;
			files = (
			);
			runOnlyForDeploymentPostprocessing = 0;
		};
/* End PBXFrameworksBuildPhase section */

/* Begin PBXGroup section */
		1A1468902BD8F6E200E27D00 /* Model */ = {
			isa = PBXGroup;
			children = (
				1A1468912BD8F6F100E27D00 /* CategoryType.swift */,
				1A14689A2BDAA98100E27D00 /* HomeSectionItem.swift */,
			);
			path = Model;
			sourceTree = "<group>";
		};
		1A327E012BD29205002CAC1B /* App */ = {
			isa = PBXGroup;
			children = (
				1ACFA79E2BD10510003F9EE0 /* AppDelegate.swift */,
				1ACFA7A02BD10510003F9EE0 /* SceneDelegate.swift */,
			);
			path = App;
			sourceTree = "<group>";
		};
		1A327E022BD29214002CAC1B /* Scene */ = {
			isa = PBXGroup;
			children = (
				1A327E032BD29240002CAC1B /* Home */,
			);
			path = Scene;
			sourceTree = "<group>";
		};
		1A327E032BD29240002CAC1B /* Home */ = {
			isa = PBXGroup;
			children = (
				1A327E042BD29248002CAC1B /* Cells */,
				1ACFA7A22BD10510003F9EE0 /* HomeViewController.swift */,
				1A327DFD2BD24725002CAC1B /* HomeViewModel.swift */,
			);
			path = Home;
			sourceTree = "<group>";
		};
		1A327E042BD29248002CAC1B /* Cells */ = {
			isa = PBXGroup;
			children = (
				1A327E052BD2926D002CAC1B /* BestsellcerCell.swift */,
				1A70A0C52BD3937C00815AFF /* HeaderView.swift */,
				1A70A0C72BD397BA00815AFF /* EditorChoiceCell.swift */,
				1ADA68652BD4F09A0019E5A0 /* CarouselFooterCell.swift */,
				1A14688E2BD8D18E00E27D00 /* HorizontalCell.swift */,
				1A1468932BDA258E00E27D00 /* CategoryTypeCell.swift */,
				1A1468982BDA950500E27D00 /* CategoryCell.swift */,
				1AEB2F0A2BDB8A8400CF9A35 /* VerticalCell.swift */,
			);
			path = Cells;
			sourceTree = "<group>";
		};
		1ACFA7922BD10510003F9EE0 = {
			isa = PBXGroup;
			children = (
				1ACCC46F2BD7E73900988F38 /* Config.xcconfig */,
				1ACFA79D2BD10510003F9EE0 /* BookDemoApp */,
				1ACFA7B42BD10511003F9EE0 /* BookDemoAppTests */,
				1ACFA7BE2BD10511003F9EE0 /* BookDemoAppUITests */,
				1ACFA79C2BD10510003F9EE0 /* Products */,
				1ACFA7D52BD109DC003F9EE0 /* Frameworks */,
			);
			sourceTree = "<group>";
		};
		1ACFA79C2BD10510003F9EE0 /* Products */ = {
			isa = PBXGroup;
			children = (
				1ACFA79B2BD10510003F9EE0 /* BookDemoApp.app */,
				1ACFA7B12BD10511003F9EE0 /* BookDemoAppTests.xctest */,
				1ACFA7BB2BD10511003F9EE0 /* BookDemoAppUITests.xctest */,
			);
			name = Products;
			sourceTree = "<group>";
		};
		1ACFA79D2BD10510003F9EE0 /* BookDemoApp */ = {
			isa = PBXGroup;
			children = (
				1A327E012BD29205002CAC1B /* App */,
				1ACFA7CF2BD1088E003F9EE0 /* Network */,
				1A1468902BD8F6E200E27D00 /* Model */,
				1A327E022BD29214002CAC1B /* Scene */,
				1ACFA7A72BD10511003F9EE0 /* Assets.xcassets */,
				1ACFA7A92BD10511003F9EE0 /* LaunchScreen.storyboard */,
				1ACFA7AC2BD10511003F9EE0 /* Info.plist */,
			);
			path = BookDemoApp;
			sourceTree = "<group>";
		};
		1ACFA7B42BD10511003F9EE0 /* BookDemoAppTests */ = {
			isa = PBXGroup;
			children = (
				1ACFA7B52BD10511003F9EE0 /* BookDemoAppTests.swift */,
			);
			path = BookDemoAppTests;
			sourceTree = "<group>";
		};
		1ACFA7BE2BD10511003F9EE0 /* BookDemoAppUITests */ = {
			isa = PBXGroup;
			children = (
				1ACFA7BF2BD10511003F9EE0 /* BookDemoAppUITests.swift */,
				1ACFA7C12BD10511003F9EE0 /* BookDemoAppUITestsLaunchTests.swift */,
			);
			path = BookDemoAppUITests;
			sourceTree = "<group>";
		};
		1ACFA7CF2BD1088E003F9EE0 /* Network */ = {
			isa = PBXGroup;
			children = (
				1ACFA7DD2BD10CE4003F9EE0 /* Entity */,
				1ACFA7D02BD10897003F9EE0 /* Const.swift */,
				1ACFA7D22BD1099C003F9EE0 /* Network.swift */,
				1A327DF72BD2372F002CAC1B /* BookNetwork.swift */,
				1A327DFB2BD23DF0002CAC1B /* NetworkProvider.swift */,
			);
			path = Network;
			sourceTree = "<group>";
		};
		1ACFA7D52BD109DC003F9EE0 /* Frameworks */ = {
			isa = PBXGroup;
			children = (
			);
			name = Frameworks;
			sourceTree = "<group>";
		};
		1ACFA7DD2BD10CE4003F9EE0 /* Entity */ = {
			isa = PBXGroup;
			children = (
				1ACFA7DE2BD10CF0003F9EE0 /* Book.swift */,
				1A3D702D2BD7805C00EC8573 /* BookResult.swift */,
			);
			path = Entity;
			sourceTree = "<group>";
		};
/* End PBXGroup section */

/* Begin PBXNativeTarget section */
		1ACFA79A2BD10510003F9EE0 /* BookDemoApp */ = {
			isa = PBXNativeTarget;
			buildConfigurationList = 1ACFA7C52BD10511003F9EE0 /* Build configuration list for PBXNativeTarget "BookDemoApp" */;
			buildPhases = (
				1ACFA7972BD10510003F9EE0 /* Sources */,
				1ACFA7982BD10510003F9EE0 /* Frameworks */,
				1ACFA7992BD10510003F9EE0 /* Resources */,
			);
			buildRules = (
			);
			dependencies = (
			);
			name = BookDemoApp;
			packageProductDependencies = (
				1ACFA7D62BD109DC003F9EE0 /* RxCocoa */,
				1ACFA7D82BD109DC003F9EE0 /* RxSwift */,
				1ACFA7DB2BD10B65003F9EE0 /* RxAlamofire */,
				1A327E082BD29309002CAC1B /* SnapKit */,
				1A327E0B2BD29316002CAC1B /* Kingfisher */,
			);
			productName = BookDemoApp;
			productReference = 1ACFA79B2BD10510003F9EE0 /* BookDemoApp.app */;
			productType = "com.apple.product-type.application";
		};
		1ACFA7B02BD10511003F9EE0 /* BookDemoAppTests */ = {
			isa = PBXNativeTarget;
			buildConfigurationList = 1ACFA7C82BD10511003F9EE0 /* Build configuration list for PBXNativeTarget "BookDemoAppTests" */;
			buildPhases = (
				1ACFA7AD2BD10511003F9EE0 /* Sources */,
				1ACFA7AE2BD10511003F9EE0 /* Frameworks */,
				1ACFA7AF2BD10511003F9EE0 /* Resources */,
			);
			buildRules = (
			);
			dependencies = (
				1ACFA7B32BD10511003F9EE0 /* PBXTargetDependency */,
			);
			name = BookDemoAppTests;
			productName = BookDemoAppTests;
			productReference = 1ACFA7B12BD10511003F9EE0 /* BookDemoAppTests.xctest */;
			productType = "com.apple.product-type.bundle.unit-test";
		};
		1ACFA7BA2BD10511003F9EE0 /* BookDemoAppUITests */ = {
			isa = PBXNativeTarget;
			buildConfigurationList = 1ACFA7CB2BD10511003F9EE0 /* Build configuration list for PBXNativeTarget "BookDemoAppUITests" */;
			buildPhases = (
				1ACFA7B72BD10511003F9EE0 /* Sources */,
				1ACFA7B82BD10511003F9EE0 /* Frameworks */,
				1ACFA7B92BD10511003F9EE0 /* Resources */,
			);
			buildRules = (
			);
			dependencies = (
				1ACFA7BD2BD10511003F9EE0 /* PBXTargetDependency */,
			);
			name = BookDemoAppUITests;
			productName = BookDemoAppUITests;
			productReference = 1ACFA7BB2BD10511003F9EE0 /* BookDemoAppUITests.xctest */;
			productType = "com.apple.product-type.bundle.ui-testing";
		};
/* End PBXNativeTarget section */

/* Begin PBXProject section */
		1ACFA7932BD10510003F9EE0 /* Project object */ = {
			isa = PBXProject;
			attributes = {
				BuildIndependentTargetsInParallel = 1;
				LastSwiftUpdateCheck = 1510;
				LastUpgradeCheck = 1510;
				TargetAttributes = {
					1ACFA79A2BD10510003F9EE0 = {
						CreatedOnToolsVersion = 15.1;
					};
					1ACFA7B02BD10511003F9EE0 = {
						CreatedOnToolsVersion = 15.1;
						TestTargetID = 1ACFA79A2BD10510003F9EE0;
					};
					1ACFA7BA2BD10511003F9EE0 = {
						CreatedOnToolsVersion = 15.1;
						TestTargetID = 1ACFA79A2BD10510003F9EE0;
					};
				};
			};
			buildConfigurationList = 1ACFA7962BD10510003F9EE0 /* Build configuration list for PBXProject "BookDemoApp" */;
			compatibilityVersion = "Xcode 14.0";
			developmentRegion = en;
			hasScannedForEncodings = 0;
			knownRegions = (
				en,
				Base,
			);
			mainGroup = 1ACFA7922BD10510003F9EE0;
			packageReferences = (
				1ACFA7D42BD109CD003F9EE0 /* XCRemoteSwiftPackageReference "RxSwift" */,
				1ACFA7DA2BD10B65003F9EE0 /* XCRemoteSwiftPackageReference "RxAlamofire" */,
				1A327E072BD29302002CAC1B /* XCRemoteSwiftPackageReference "SnapKit" */,
				1A327E0A2BD29316002CAC1B /* XCRemoteSwiftPackageReference "Kingfisher" */,
			);
			productRefGroup = 1ACFA79C2BD10510003F9EE0 /* Products */;
			projectDirPath = "";
			projectRoot = "";
			targets = (
				1ACFA79A2BD10510003F9EE0 /* BookDemoApp */,
				1ACFA7B02BD10511003F9EE0 /* BookDemoAppTests */,
				1ACFA7BA2BD10511003F9EE0 /* BookDemoAppUITests */,
			);
		};
/* End PBXProject section */

/* Begin PBXResourcesBuildPhase section */
		1ACFA7992BD10510003F9EE0 /* Resources */ = {
			isa = PBXResourcesBuildPhase;
			buildActionMask = 2147483647;
			files = (
				1ACFA7AB2BD10511003F9EE0 /* LaunchScreen.storyboard in Resources */,
				1ACFA7A82BD10511003F9EE0 /* Assets.xcassets in Resources */,
			);
			runOnlyForDeploymentPostprocessing = 0;
		};
		1ACFA7AF2BD10511003F9EE0 /* Resources */ = {
			isa = PBXResourcesBuildPhase;
			buildActionMask = 2147483647;
			files = (
			);
			runOnlyForDeploymentPostprocessing = 0;
		};
		1ACFA7B92BD10511003F9EE0 /* Resources */ = {
			isa = PBXResourcesBuildPhase;
			buildActionMask = 2147483647;
			files = (
			);
			runOnlyForDeploymentPostprocessing = 0;
		};
/* End PBXResourcesBuildPhase section */

/* Begin PBXSourcesBuildPhase section */
		1ACFA7972BD10510003F9EE0 /* Sources */ = {
			isa = PBXSourcesBuildPhase;
			buildActionMask = 2147483647;
			files = (
				1ACFA7D32BD1099C003F9EE0 /* Network.swift in Sources */,
				1A327DFE2BD24725002CAC1B /* HomeViewModel.swift in Sources */,
				1ACFA7A32BD10510003F9EE0 /* HomeViewController.swift in Sources */,
				1A70A0C82BD397BA00815AFF /* EditorChoiceCell.swift in Sources */,
				1A327DF82BD2372F002CAC1B /* BookNetwork.swift in Sources */,
				1A1468992BDA950500E27D00 /* CategoryCell.swift in Sources */,
				1A14688F2BD8D18E00E27D00 /* HorizontalCell.swift in Sources */,
				1ACFA7DF2BD10CF0003F9EE0 /* Book.swift in Sources */,
				1ACFA7D12BD10897003F9EE0 /* Const.swift in Sources */,
				1A14689B2BDAA98100E27D00 /* HomeSectionItem.swift in Sources */,
				1A3D702E2BD7805C00EC8573 /* BookResult.swift in Sources */,
				1A70A0C62BD3937C00815AFF /* HeaderView.swift in Sources */,
				1A327DFC2BD23DF0002CAC1B /* NetworkProvider.swift in Sources */,
				1ACFA79F2BD10510003F9EE0 /* AppDelegate.swift in Sources */,
				1ADA68662BD4F09A0019E5A0 /* CarouselFooterCell.swift in Sources */,
				1A1468942BDA258E00E27D00 /* CategoryTypeCell.swift in Sources */,
				1A1468922BD8F6F100E27D00 /* CategoryType.swift in Sources */,
				1ACFA7A12BD10510003F9EE0 /* SceneDelegate.swift in Sources */,
				1A327E062BD2926D002CAC1B /* BestsellcerCell.swift in Sources */,
				1AEB2F0B2BDB8A8400CF9A35 /* VerticalCell.swift in Sources */,
			);
			runOnlyForDeploymentPostprocessing = 0;
		};
		1ACFA7AD2BD10511003F9EE0 /* Sources */ = {
			isa = PBXSourcesBuildPhase;
			buildActionMask = 2147483647;
			files = (
				1ACFA7B62BD10511003F9EE0 /* BookDemoAppTests.swift in Sources */,
			);
			runOnlyForDeploymentPostprocessing = 0;
		};
		1ACFA7B72BD10511003F9EE0 /* Sources */ = {
			isa = PBXSourcesBuildPhase;
			buildActionMask = 2147483647;
			files = (
				1ACFA7C22BD10511003F9EE0 /* BookDemoAppUITestsLaunchTests.swift in Sources */,
				1ACFA7C02BD10511003F9EE0 /* BookDemoAppUITests.swift in Sources */,
			);
			runOnlyForDeploymentPostprocessing = 0;
		};
/* End PBXSourcesBuildPhase section */

/* Begin PBXTargetDependency section */
		1ACFA7B32BD10511003F9EE0 /* PBXTargetDependency */ = {
			isa = PBXTargetDependency;
			target = 1ACFA79A2BD10510003F9EE0 /* BookDemoApp */;
			targetProxy = 1ACFA7B22BD10511003F9EE0 /* PBXContainerItemProxy */;
		};
		1ACFA7BD2BD10511003F9EE0 /* PBXTargetDependency */ = {
			isa = PBXTargetDependency;
			target = 1ACFA79A2BD10510003F9EE0 /* BookDemoApp */;
			targetProxy = 1ACFA7BC2BD10511003F9EE0 /* PBXContainerItemProxy */;
		};
/* End PBXTargetDependency section */

/* Begin PBXVariantGroup section */
		1ACFA7A92BD10511003F9EE0 /* LaunchScreen.storyboard */ = {
			isa = PBXVariantGroup;
			children = (
				1ACFA7AA2BD10511003F9EE0 /* Base */,
			);
			name = LaunchScreen.storyboard;
			sourceTree = "<group>";
		};
/* End PBXVariantGroup section */

/* Begin XCBuildConfiguration section */
		1ACFA7C32BD10511003F9EE0 /* Debug */ = {
			isa = XCBuildConfiguration;
			baseConfigurationReference = 1ACCC46F2BD7E73900988F38 /* Config.xcconfig */;
			buildSettings = {
				ALWAYS_SEARCH_USER_PATHS = NO;
				ASSETCATALOG_COMPILER_GENERATE_SWIFT_ASSET_SYMBOL_EXTENSIONS = YES;
				CLANG_ANALYZER_NONNULL = YES;
				CLANG_ANALYZER_NUMBER_OBJECT_CONVERSION = YES_AGGRESSIVE;
				CLANG_CXX_LANGUAGE_STANDARD = "gnu++20";
				CLANG_ENABLE_MODULES = YES;
				CLANG_ENABLE_OBJC_ARC = YES;
				CLANG_ENABLE_OBJC_WEAK = YES;
				CLANG_WARN_BLOCK_CAPTURE_AUTORELEASING = YES;
				CLANG_WARN_BOOL_CONVERSION = YES;
				CLANG_WARN_COMMA = YES;
				CLANG_WARN_CONSTANT_CONVERSION = YES;
				CLANG_WARN_DEPRECATED_OBJC_IMPLEMENTATIONS = YES;
				CLANG_WARN_DIRECT_OBJC_ISA_USAGE = YES_ERROR;
				CLANG_WARN_DOCUMENTATION_COMMENTS = YES;
				CLANG_WARN_EMPTY_BODY = YES;
				CLANG_WARN_ENUM_CONVERSION = YES;
				CLANG_WARN_INFINITE_RECURSION = YES;
				CLANG_WARN_INT_CONVERSION = YES;
				CLANG_WARN_NON_LITERAL_NULL_CONVERSION = YES;
				CLANG_WARN_OBJC_IMPLICIT_RETAIN_SELF = YES;
				CLANG_WARN_OBJC_LITERAL_CONVERSION = YES;
				CLANG_WARN_OBJC_ROOT_CLASS = YES_ERROR;
				CLANG_WARN_QUOTED_INCLUDE_IN_FRAMEWORK_HEADER = YES;
				CLANG_WARN_RANGE_LOOP_ANALYSIS = YES;
				CLANG_WARN_STRICT_PROTOTYPES = YES;
				CLANG_WARN_SUSPICIOUS_MOVE = YES;
				CLANG_WARN_UNGUARDED_AVAILABILITY = YES_AGGRESSIVE;
				CLANG_WARN_UNREACHABLE_CODE = YES;
				CLANG_WARN__DUPLICATE_METHOD_MATCH = YES;
				COPY_PHASE_STRIP = NO;
				DEBUG_INFORMATION_FORMAT = dwarf;
				ENABLE_STRICT_OBJC_MSGSEND = YES;
				ENABLE_TESTABILITY = YES;
				ENABLE_USER_SCRIPT_SANDBOXING = YES;
				GCC_C_LANGUAGE_STANDARD = gnu17;
				GCC_DYNAMIC_NO_PIC = NO;
				GCC_NO_COMMON_BLOCKS = YES;
				GCC_OPTIMIZATION_LEVEL = 0;
				GCC_PREPROCESSOR_DEFINITIONS = (
					"DEBUG=1",
					"$(inherited)",
				);
				GCC_WARN_64_TO_32_BIT_CONVERSION = YES;
				GCC_WARN_ABOUT_RETURN_TYPE = YES_ERROR;
				GCC_WARN_UNDECLARED_SELECTOR = YES;
				GCC_WARN_UNINITIALIZED_AUTOS = YES_AGGRESSIVE;
				GCC_WARN_UNUSED_FUNCTION = YES;
				GCC_WARN_UNUSED_VARIABLE = YES;
				IPHONEOS_DEPLOYMENT_TARGET = 17.2;
				LOCALIZATION_PREFERS_STRING_CATALOGS = YES;
				MTL_ENABLE_DEBUG_INFO = INCLUDE_SOURCE;
				MTL_FAST_MATH = YES;
				ONLY_ACTIVE_ARCH = YES;
				SDKROOT = iphoneos;
				SWIFT_ACTIVE_COMPILATION_CONDITIONS = "DEBUG $(inherited)";
				SWIFT_OPTIMIZATION_LEVEL = "-Onone";
			};
			name = Debug;
		};
		1ACFA7C42BD10511003F9EE0 /* Release */ = {
			isa = XCBuildConfiguration;
			buildSettings = {
				ALWAYS_SEARCH_USER_PATHS = NO;
				ASSETCATALOG_COMPILER_GENERATE_SWIFT_ASSET_SYMBOL_EXTENSIONS = YES;
				CLANG_ANALYZER_NONNULL = YES;
				CLANG_ANALYZER_NUMBER_OBJECT_CONVERSION = YES_AGGRESSIVE;
				CLANG_CXX_LANGUAGE_STANDARD = "gnu++20";
				CLANG_ENABLE_MODULES = YES;
				CLANG_ENABLE_OBJC_ARC = YES;
				CLANG_ENABLE_OBJC_WEAK = YES;
				CLANG_WARN_BLOCK_CAPTURE_AUTORELEASING = YES;
				CLANG_WARN_BOOL_CONVERSION = YES;
				CLANG_WARN_COMMA = YES;
				CLANG_WARN_CONSTANT_CONVERSION = YES;
				CLANG_WARN_DEPRECATED_OBJC_IMPLEMENTATIONS = YES;
				CLANG_WARN_DIRECT_OBJC_ISA_USAGE = YES_ERROR;
				CLANG_WARN_DOCUMENTATION_COMMENTS = YES;
				CLANG_WARN_EMPTY_BODY = YES;
				CLANG_WARN_ENUM_CONVERSION = YES;
				CLANG_WARN_INFINITE_RECURSION = YES;
				CLANG_WARN_INT_CONVERSION = YES;
				CLANG_WARN_NON_LITERAL_NULL_CONVERSION = YES;
				CLANG_WARN_OBJC_IMPLICIT_RETAIN_SELF = YES;
				CLANG_WARN_OBJC_LITERAL_CONVERSION = YES;
				CLANG_WARN_OBJC_ROOT_CLASS = YES_ERROR;
				CLANG_WARN_QUOTED_INCLUDE_IN_FRAMEWORK_HEADER = YES;
				CLANG_WARN_RANGE_LOOP_ANALYSIS = YES;
				CLANG_WARN_STRICT_PROTOTYPES = YES;
				CLANG_WARN_SUSPICIOUS_MOVE = YES;
				CLANG_WARN_UNGUARDED_AVAILABILITY = YES_AGGRESSIVE;
				CLANG_WARN_UNREACHABLE_CODE = YES;
				CLANG_WARN__DUPLICATE_METHOD_MATCH = YES;
				COPY_PHASE_STRIP = NO;
				DEBUG_INFORMATION_FORMAT = "dwarf-with-dsym";
				ENABLE_NS_ASSERTIONS = NO;
				ENABLE_STRICT_OBJC_MSGSEND = YES;
				ENABLE_USER_SCRIPT_SANDBOXING = YES;
				GCC_C_LANGUAGE_STANDARD = gnu17;
				GCC_NO_COMMON_BLOCKS = YES;
				GCC_WARN_64_TO_32_BIT_CONVERSION = YES;
				GCC_WARN_ABOUT_RETURN_TYPE = YES_ERROR;
				GCC_WARN_UNDECLARED_SELECTOR = YES;
				GCC_WARN_UNINITIALIZED_AUTOS = YES_AGGRESSIVE;
				GCC_WARN_UNUSED_FUNCTION = YES;
				GCC_WARN_UNUSED_VARIABLE = YES;
				IPHONEOS_DEPLOYMENT_TARGET = 17.2;
				LOCALIZATION_PREFERS_STRING_CATALOGS = YES;
				MTL_ENABLE_DEBUG_INFO = NO;
				MTL_FAST_MATH = YES;
				SDKROOT = iphoneos;
				SWIFT_COMPILATION_MODE = wholemodule;
				VALIDATE_PRODUCT = YES;
			};
			name = Release;
		};
		1ACFA7C62BD10511003F9EE0 /* Debug */ = {
			isa = XCBuildConfiguration;
			buildSettings = {
				ASSETCATALOG_COMPILER_APPICON_NAME = AppIcon;
				ASSETCATALOG_COMPILER_GLOBAL_ACCENT_COLOR_NAME = AccentColor;
				CODE_SIGN_STYLE = Automatic;
				CURRENT_PROJECT_VERSION = 1;
				DEVELOPMENT_TEAM = B9U954AWHU;
				GENERATE_INFOPLIST_FILE = YES;
				INFOPLIST_FILE = BookDemoApp/Info.plist;
				INFOPLIST_KEY_UIApplicationSupportsIndirectInputEvents = YES;
				INFOPLIST_KEY_UILaunchStoryboardName = LaunchScreen;
				INFOPLIST_KEY_UISupportedInterfaceOrientations = UIInterfaceOrientationPortrait;
				INFOPLIST_KEY_UISupportedInterfaceOrientations_iPad = "UIInterfaceOrientationLandscapeLeft UIInterfaceOrientationLandscapeRight UIInterfaceOrientationPortrait UIInterfaceOrientationPortraitUpsideDown";
				LD_RUNPATH_SEARCH_PATHS = (
					"$(inherited)",
					"@executable_path/Frameworks",
				);
				MARKETING_VERSION = 1.0;
				PRODUCT_BUNDLE_IDENTIFIER = com.zerom.BookDemoApp;
				PRODUCT_NAME = "$(TARGET_NAME)";
				SUPPORTED_PLATFORMS = "iphoneos iphonesimulator";
				SUPPORTS_MACCATALYST = NO;
				SUPPORTS_MAC_DESIGNED_FOR_IPHONE_IPAD = NO;
				SWIFT_EMIT_LOC_STRINGS = YES;
				SWIFT_VERSION = 5.0;
				TARGETED_DEVICE_FAMILY = 1;
			};
			name = Debug;
		};
		1ACFA7C72BD10511003F9EE0 /* Release */ = {
			isa = XCBuildConfiguration;
			buildSettings = {
				ASSETCATALOG_COMPILER_APPICON_NAME = AppIcon;
				ASSETCATALOG_COMPILER_GLOBAL_ACCENT_COLOR_NAME = AccentColor;
				CODE_SIGN_STYLE = Automatic;
				CURRENT_PROJECT_VERSION = 1;
				DEVELOPMENT_TEAM = B9U954AWHU;
				GENERATE_INFOPLIST_FILE = YES;
				INFOPLIST_FILE = BookDemoApp/Info.plist;
				INFOPLIST_KEY_UIApplicationSupportsIndirectInputEvents = YES;
				INFOPLIST_KEY_UILaunchStoryboardName = LaunchScreen;
				INFOPLIST_KEY_UISupportedInterfaceOrientations = UIInterfaceOrientationPortrait;
				INFOPLIST_KEY_UISupportedInterfaceOrientations_iPad = "UIInterfaceOrientationLandscapeLeft UIInterfaceOrientationLandscapeRight UIInterfaceOrientationPortrait UIInterfaceOrientationPortraitUpsideDown";
				LD_RUNPATH_SEARCH_PATHS = (
					"$(inherited)",
					"@executable_path/Frameworks",
				);
				MARKETING_VERSION = 1.0;
				PRODUCT_BUNDLE_IDENTIFIER = com.zerom.BookDemoApp;
				PRODUCT_NAME = "$(TARGET_NAME)";
				SUPPORTED_PLATFORMS = "iphoneos iphonesimulator";
				SUPPORTS_MACCATALYST = NO;
				SUPPORTS_MAC_DESIGNED_FOR_IPHONE_IPAD = NO;
				SWIFT_EMIT_LOC_STRINGS = YES;
				SWIFT_VERSION = 5.0;
				TARGETED_DEVICE_FAMILY = 1;
			};
			name = Release;
		};
		1ACFA7C92BD10511003F9EE0 /* Debug */ = {
			isa = XCBuildConfiguration;
			buildSettings = {
				ALWAYS_EMBED_SWIFT_STANDARD_LIBRARIES = YES;
				BUNDLE_LOADER = "$(TEST_HOST)";
				CODE_SIGN_STYLE = Automatic;
				CURRENT_PROJECT_VERSION = 1;
				DEVELOPMENT_TEAM = B9U954AWHU;
				GENERATE_INFOPLIST_FILE = YES;
				IPHONEOS_DEPLOYMENT_TARGET = 17.2;
				MARKETING_VERSION = 1.0;
				PRODUCT_BUNDLE_IDENTIFIER = com.zerom.BookDemoAppTests;
				PRODUCT_NAME = "$(TARGET_NAME)";
				SWIFT_EMIT_LOC_STRINGS = NO;
				SWIFT_VERSION = 5.0;
				TARGETED_DEVICE_FAMILY = "1,2";
				TEST_HOST = "$(BUILT_PRODUCTS_DIR)/BookDemoApp.app/$(BUNDLE_EXECUTABLE_FOLDER_PATH)/BookDemoApp";
			};
			name = Debug;
		};
		1ACFA7CA2BD10511003F9EE0 /* Release */ = {
			isa = XCBuildConfiguration;
			buildSettings = {
				ALWAYS_EMBED_SWIFT_STANDARD_LIBRARIES = YES;
				BUNDLE_LOADER = "$(TEST_HOST)";
				CODE_SIGN_STYLE = Automatic;
				CURRENT_PROJECT_VERSION = 1;
				DEVELOPMENT_TEAM = B9U954AWHU;
				GENERATE_INFOPLIST_FILE = YES;
				IPHONEOS_DEPLOYMENT_TARGET = 17.2;
				MARKETING_VERSION = 1.0;
				PRODUCT_BUNDLE_IDENTIFIER = com.zerom.BookDemoAppTests;
				PRODUCT_NAME = "$(TARGET_NAME)";
				SWIFT_EMIT_LOC_STRINGS = NO;
				SWIFT_VERSION = 5.0;
				TARGETED_DEVICE_FAMILY = "1,2";
				TEST_HOST = "$(BUILT_PRODUCTS_DIR)/BookDemoApp.app/$(BUNDLE_EXECUTABLE_FOLDER_PATH)/BookDemoApp";
			};
			name = Release;
		};
		1ACFA7CC2BD10511003F9EE0 /* Debug */ = {
			isa = XCBuildConfiguration;
			buildSettings = {
				ALWAYS_EMBED_SWIFT_STANDARD_LIBRARIES = YES;
				CODE_SIGN_STYLE = Automatic;
				CURRENT_PROJECT_VERSION = 1;
				DEVELOPMENT_TEAM = B9U954AWHU;
				GENERATE_INFOPLIST_FILE = YES;
				MARKETING_VERSION = 1.0;
				PRODUCT_BUNDLE_IDENTIFIER = com.zerom.BookDemoAppUITests;
				PRODUCT_NAME = "$(TARGET_NAME)";
				SWIFT_EMIT_LOC_STRINGS = NO;
				SWIFT_VERSION = 5.0;
				TARGETED_DEVICE_FAMILY = "1,2";
				TEST_TARGET_NAME = BookDemoApp;
			};
			name = Debug;
		};
		1ACFA7CD2BD10511003F9EE0 /* Release */ = {
			isa = XCBuildConfiguration;
			buildSettings = {
				ALWAYS_EMBED_SWIFT_STANDARD_LIBRARIES = YES;
				CODE_SIGN_STYLE = Automatic;
				CURRENT_PROJECT_VERSION = 1;
				DEVELOPMENT_TEAM = B9U954AWHU;
				GENERATE_INFOPLIST_FILE = YES;
				MARKETING_VERSION = 1.0;
				PRODUCT_BUNDLE_IDENTIFIER = com.zerom.BookDemoAppUITests;
				PRODUCT_NAME = "$(TARGET_NAME)";
				SWIFT_EMIT_LOC_STRINGS = NO;
				SWIFT_VERSION = 5.0;
				TARGETED_DEVICE_FAMILY = "1,2";
				TEST_TARGET_NAME = BookDemoApp;
			};
			name = Release;
		};
/* End XCBuildConfiguration section */

/* Begin XCConfigurationList section */
		1ACFA7962BD10510003F9EE0 /* Build configuration list for PBXProject "BookDemoApp" */ = {
			isa = XCConfigurationList;
			buildConfigurations = (
				1ACFA7C32BD10511003F9EE0 /* Debug */,
				1ACFA7C42BD10511003F9EE0 /* Release */,
			);
			defaultConfigurationIsVisible = 0;
			defaultConfigurationName = Release;
		};
		1ACFA7C52BD10511003F9EE0 /* Build configuration list for PBXNativeTarget "BookDemoApp" */ = {
			isa = XCConfigurationList;
			buildConfigurations = (
				1ACFA7C62BD10511003F9EE0 /* Debug */,
				1ACFA7C72BD10511003F9EE0 /* Release */,
			);
			defaultConfigurationIsVisible = 0;
			defaultConfigurationName = Release;
		};
		1ACFA7C82BD10511003F9EE0 /* Build configuration list for PBXNativeTarget "BookDemoAppTests" */ = {
			isa = XCConfigurationList;
			buildConfigurations = (
				1ACFA7C92BD10511003F9EE0 /* Debug */,
				1ACFA7CA2BD10511003F9EE0 /* Release */,
			);
			defaultConfigurationIsVisible = 0;
			defaultConfigurationName = Release;
		};
		1ACFA7CB2BD10511003F9EE0 /* Build configuration list for PBXNativeTarget "BookDemoAppUITests" */ = {
			isa = XCConfigurationList;
			buildConfigurations = (
				1ACFA7CC2BD10511003F9EE0 /* Debug */,
				1ACFA7CD2BD10511003F9EE0 /* Release */,
			);
			defaultConfigurationIsVisible = 0;
			defaultConfigurationName = Release;
		};
/* End XCConfigurationList section */

/* Begin XCRemoteSwiftPackageReference section */
		1A327E072BD29302002CAC1B /* XCRemoteSwiftPackageReference "SnapKit" */ = {
			isa = XCRemoteSwiftPackageReference;
			repositoryURL = "https://github.com/SnapKit/SnapKit.git";
			requirement = {
				kind = upToNextMajorVersion;
				minimumVersion = 5.7.1;
			};
		};
		1A327E0A2BD29316002CAC1B /* XCRemoteSwiftPackageReference "Kingfisher" */ = {
			isa = XCRemoteSwiftPackageReference;
			repositoryURL = "https://github.com/onevcat/Kingfisher";
			requirement = {
				kind = upToNextMajorVersion;
				minimumVersion = 7.11.0;
			};
		};
		1ACFA7D42BD109CD003F9EE0 /* XCRemoteSwiftPackageReference "RxSwift" */ = {
			isa = XCRemoteSwiftPackageReference;
			repositoryURL = "http://github.com/ReactiveX/RxSwift.git";
			requirement = {
				kind = upToNextMajorVersion;
				minimumVersion = 6.6.0;
			};
		};
		1ACFA7DA2BD10B65003F9EE0 /* XCRemoteSwiftPackageReference "RxAlamofire" */ = {
			isa = XCRemoteSwiftPackageReference;
			repositoryURL = "https://github.com/RxSwiftCommunity/RxAlamofire";
			requirement = {
				branch = main;
				kind = branch;
			};
		};
/* End XCRemoteSwiftPackageReference section */

/* Begin XCSwiftPackageProductDependency section */
		1A327E082BD29309002CAC1B /* SnapKit */ = {
			isa = XCSwiftPackageProductDependency;
			package = 1A327E072BD29302002CAC1B /* XCRemoteSwiftPackageReference "SnapKit" */;
			productName = SnapKit;
		};
		1A327E0B2BD29316002CAC1B /* Kingfisher */ = {
			isa = XCSwiftPackageProductDependency;
			package = 1A327E0A2BD29316002CAC1B /* XCRemoteSwiftPackageReference "Kingfisher" */;
			productName = Kingfisher;
		};
		1ACFA7D62BD109DC003F9EE0 /* RxCocoa */ = {
			isa = XCSwiftPackageProductDependency;
			package = 1ACFA7D42BD109CD003F9EE0 /* XCRemoteSwiftPackageReference "RxSwift" */;
			productName = RxCocoa;
		};
		1ACFA7D82BD109DC003F9EE0 /* RxSwift */ = {
			isa = XCSwiftPackageProductDependency;
			package = 1ACFA7D42BD109CD003F9EE0 /* XCRemoteSwiftPackageReference "RxSwift" */;
			productName = RxSwift;
		};
		1ACFA7DB2BD10B65003F9EE0 /* RxAlamofire */ = {
			isa = XCSwiftPackageProductDependency;
			package = 1ACFA7DA2BD10B65003F9EE0 /* XCRemoteSwiftPackageReference "RxAlamofire" */;
			productName = RxAlamofire;
		};
/* End XCSwiftPackageProductDependency section */
	};
	rootObject = 1ACFA7932BD10510003F9EE0 /* Project object */;
}
